
Microsoft Visual Studio Solution File, Format Version 12.00
# Visual Studio Version 16
VisualStudioVersion = 16.0.32802.440
MinimumVisualStudioVersion = 10.0.40219.1
Project("{8BC9CEB8-8B4A-11D0-8D11-00A0C91BC942}") = "Sort_graphics_projects", "Sort_graphics_projects\Sort_graphics_projects.vcxproj", "{E8DA28DD-0505-4EBA-BB59-7B6CC1DDC621}"
EndProject
Global
	GlobalSection(SolutionConfigurationPlatforms) = preSolution
		Debug|x64 = Debug|x64
		Debug|x86 = Debug|x86
		Release|x64 = Release|x64
		Release|x86 = Release|x86
	EndGlobalSection
	GlobalSection(ProjectConfigurationPlatforms) = postSolution
		{E8DA28DD-0505-4EBA-BB59-7B6CC1DDC621}.Debug|x64.ActiveCfg = Debug|x64
		{E8DA28DD-0505-4EBA-BB59-7B6CC1DDC621}.Debug|x64.Build.0 = Debug|x64
		{E8DA28DD-0505-4EBA-BB59-7B6CC1DDC621}.Debug|x86.ActiveCfg = Debug|Win32
		{E8DA28DD-0505-4EBA-BB59-7B6CC1DDC621}.Debug|x86.Build.0 = Debug|Win32
		{E8DA28DD-0505-4EBA-BB59-7B6CC1DDC621}.Release|x64.ActiveCfg = Release|x64
		{E8DA28DD-0505-4EBA-BB59-7B6CC1DDC621}.Release|x64.Build.0 = Release|x64
		{E8DA28DD-0505-4EBA-BB59-7B6CC1DDC621}.Release|x86.ActiveCfg = Release|Win32
		{E8DA28DD-0505-4EBA-BB59-7B6CC1DDC621}.Release|x86.Build.0 = Release|Win32
	EndGlobalSection
	GlobalSection(SolutionProperties) = preSolution
		HideSolutionNode = FALSE
	EndGlobalSection
	GlobalSection(ExtensibilityGlobals) = postSolution
		SolutionGuid = {6B1572AF-CDDC-411C-B44C-5B1AD8716069}
	EndGlobalSection
EndGlobal
